
Microsoft Visual Studio Solution File, Format Version 12.00
# Visual Studio Version 17
VisualStudioVersion = 17.9.34616.47
MinimumVisualStudioVersion = 10.0.40219.1
Project("{9A19103F-16F7-4668-BE54-9A1E7A4F7556}") = "RecipeApplication", "RecipeApplication.csproj", "{9434023A-A86F-4A73-88E7-EE5E38D6C721}"
EndProject
Project("{FAE04EC0-301F-11D3-BF4B-00C04F79EFBC}") = "RecipeAppTest2", "..\..\..\..\source\repos\RecipeApplication\RecipeAppTest2\RecipeAppTest2.csproj", "{3A3602EB-E655-4EDD-B625-B4F06CE1434A}"
EndProject
Global
	GlobalSection(SolutionConfigurationPlatforms) = preSolution
		Debug|Any CPU = Debug|Any CPU
		Release|Any CPU = Release|Any CPU
	EndGlobalSection
	GlobalSection(ProjectConfigurationPlatforms) = postSolution
		{9434023A-A86F-4A73-88E7-EE5E38D6C721}.Debug|Any CPU.ActiveCfg = Debug|Any CPU
		{9434023A-A86F-4A73-88E7-EE5E38D6C721}.Debug|Any CPU.Build.0 = Debug|Any CPU
		{9434023A-A86F-4A73-88E7-EE5E38D6C721}.Release|Any CPU.ActiveCfg = Release|Any CPU
		{9434023A-A86F-4A73-88E7-EE5E38D6C721}.Release|Any CPU.Build.0 = Release|Any CPU
		{3A3602EB-E655-4EDD-B625-B4F06CE1434A}.Debug|Any CPU.ActiveCfg = Debug|Any CPU
		{3A3602EB-E655-4EDD-B625-B4F06CE1434A}.Debug|Any CPU.Build.0 = Debug|Any CPU
		{3A3602EB-E655-4EDD-B625-B4F06CE1434A}.Release|Any CPU.ActiveCfg = Release|Any CPU
		{3A3602EB-E655-4EDD-B625-B4F06CE1434A}.Release|Any CPU.Build.0 = Release|Any CPU
	EndGlobalSection
	GlobalSection(SolutionProperties) = preSolution
		HideSolutionNode = FALSE
	EndGlobalSection
	GlobalSection(ExtensibilityGlobals) = postSolution
		SolutionGuid = {99C044C6-EC79-403D-8954-C655BF2B64DF}
	EndGlobalSection
EndGlobal
